// !$*UTF8*$!
{
	archiveVersion = 1;
	classes = {
	};
	objectVersion = 46;
	objects = {

/* Begin PBXBuildFile section */
		1FDA3564F7E98757D912A51A /* Pods_AmicaleINSATests.framework in Frameworks */ = {isa = PBXBuildFile; fileRef = 846010629BE9E42F568F3673 /* Pods_AmicaleINSATests.framework */; };
		24F38C5F442F11F602C47A0D /* Pods_AmicaleINSAUITests.framework in Frameworks */ = {isa = PBXBuildFile; fileRef = E55D97296342711E96D8E249 /* Pods_AmicaleINSAUITests.framework */; };
		658D6245D026254566590345 /* Pods_AmicaleINSA.framework in Frameworks */ = {isa = PBXBuildFile; fileRef = 99BE2483E29CB956425B6E64 /* Pods_AmicaleINSA.framework */; };
		9206F3BA1C838F8B00978CF5 /* AppDelegate.swift in Sources */ = {isa = PBXBuildFile; fileRef = 9206F3B91C838F8B00978CF5 /* AppDelegate.swift */; };
		9206F3BC1C838F8B00978CF5 /* ViewController.swift in Sources */ = {isa = PBXBuildFile; fileRef = 9206F3BB1C838F8B00978CF5 /* ViewController.swift */; };
		9206F3BF1C838F8B00978CF5 /* Main.storyboard in Resources */ = {isa = PBXBuildFile; fileRef = 9206F3BD1C838F8B00978CF5 /* Main.storyboard */; };
		9206F3C21C838F8B00978CF5 /* AmicaleINSA.xcdatamodeld in Sources */ = {isa = PBXBuildFile; fileRef = 9206F3C01C838F8B00978CF5 /* AmicaleINSA.xcdatamodeld */; };
		9206F3C41C838F8B00978CF5 /* Assets.xcassets in Resources */ = {isa = PBXBuildFile; fileRef = 9206F3C31C838F8B00978CF5 /* Assets.xcassets */; };
		9206F3C71C838F8B00978CF5 /* LaunchScreen.storyboard in Resources */ = {isa = PBXBuildFile; fileRef = 9206F3C51C838F8B00978CF5 /* LaunchScreen.storyboard */; };
		9206F3D21C838F8B00978CF5 /* AmicaleINSATests.swift in Sources */ = {isa = PBXBuildFile; fileRef = 9206F3D11C838F8B00978CF5 /* AmicaleINSATests.swift */; };
		9206F3DD1C838F8B00978CF5 /* AmicaleINSAUITests.swift in Sources */ = {isa = PBXBuildFile; fileRef = 9206F3DC1C838F8B00978CF5 /* AmicaleINSAUITests.swift */; };
		9206F3ED1C83963D00978CF5 /* MenuController.swift in Sources */ = {isa = PBXBuildFile; fileRef = 9206F3EC1C83963D00978CF5 /* MenuController.swift */; };
		9206F3EF1C8399F600978CF5 /* ChatViewController.swift in Sources */ = {isa = PBXBuildFile; fileRef = 9206F3EE1C8399F600978CF5 /* ChatViewController.swift */; };
		9206F3F11C839A2900978CF5 /* FirebaseManager.swift in Sources */ = {isa = PBXBuildFile; fileRef = 9206F3F01C839A2900978CF5 /* FirebaseManager.swift */; };
		9206F3F31C839A4200978CF5 /* Secret.swift in Sources */ = {isa = PBXBuildFile; fileRef = 9206F3F21C839A4200978CF5 /* Secret.swift */; };
		9206F3F51C839AE300978CF5 /* Photo.swift in Sources */ = {isa = PBXBuildFile; fileRef = 9206F3F41C839AE300978CF5 /* Photo.swift */; };
		9206F3F81C83AC4900978CF5 /* Public.swift in Sources */ = {isa = PBXBuildFile; fileRef = 9206F3F71C83AC4900978CF5 /* Public.swift */; };
		92128FD51C8605B800AA96AD /* SettingsViewController.swift in Sources */ = {isa = PBXBuildFile; fileRef = 92128FD41C8605B800AA96AD /* SettingsViewController.swift */; };
		9233B9271CFF3AB400DFF955 /* GoogleService-Info.plist in Resources */ = {isa = PBXBuildFile; fileRef = 9233B9261CFF3AB400DFF955 /* GoogleService-Info.plist */; };
		923677FB1CAC28A100FA7084 /* BreakOutToRefreshView.swift in Sources */ = {isa = PBXBuildFile; fileRef = 923677FA1CAC28A100FA7084 /* BreakOutToRefreshView.swift */; };
		9247CD791CB12CE8008F51E2 /* PostWithImageTableViewCell.swift in Sources */ = {isa = PBXBuildFile; fileRef = 9247CD781CB12CE8008F51E2 /* PostWithImageTableViewCell.swift */; };
		9247CD7B1CB12CFA008F51E2 /* PostWithoutImageTableViewCell.swift in Sources */ = {isa = PBXBuildFile; fileRef = 9247CD7A1CB12CFA008F51E2 /* PostWithoutImageTableViewCell.swift */; };
		9247CD7D1CB12D07008F51E2 /* PostTableViewController.swift in Sources */ = {isa = PBXBuildFile; fileRef = 9247CD7C1CB12D07008F51E2 /* PostTableViewController.swift */; };
		9265E2671CA8348A000BE187 /* WashINSATableViewController.swift in Sources */ = {isa = PBXBuildFile; fileRef = 9265E2661CA8348A000BE187 /* WashINSATableViewController.swift */; };
		9265E26B1CA8355B000BE187 /* WashINSATableViewCell.swift in Sources */ = {isa = PBXBuildFile; fileRef = 9265E26A1CA8355B000BE187 /* WashINSATableViewCell.swift */; };
		928970DC1CFF4550009905C0 /* JSQSystemSoundPlayer.framework in Frameworks */ = {isa = PBXBuildFile; fileRef = 928970DB1CFF4550009905C0 /* JSQSystemSoundPlayer.framework */; };
		928970DE1CFF4564009905C0 /* JSQMessagesViewController.framework in Frameworks */ = {isa = PBXBuildFile; fileRef = 928970DD1CFF4564009905C0 /* JSQMessagesViewController.framework */; };
		929D4C4A1CB2ECB00097CFA6 /* CustomInfiniteIndicator.swift in Sources */ = {isa = PBXBuildFile; fileRef = 929D4C491CB2ECB00097CFA6 /* CustomInfiniteIndicator.swift */; };
		92A03D3C1D3BDCA40021E0C5 /* SettingsTableViewController.swift in Sources */ = {isa = PBXBuildFile; fileRef = 92A03D3B1D3BDCA40021E0C5 /* SettingsTableViewController.swift */; };
		92A7013D1C847B4C000E1E8F /* WebPlanningViewController.swift in Sources */ = {isa = PBXBuildFile; fileRef = 92A7013C1C847B4C000E1E8F /* WebPlanningViewController.swift */; };
		92A7013F1C847EA0000E1E8F /* Device.swift in Sources */ = {isa = PBXBuildFile; fileRef = 92A7013E1C847EA0000E1E8F /* Device.swift */; };
		92AAF0F51CEA5EB000301CBD /* TODO.txt in Resources */ = {isa = PBXBuildFile; fileRef = 92AAF0F41CEA5EB000301CBD /* TODO.txt */; };
		92B366F51CA8889000C3265E /* WashINSADetailsViewController.swift in Sources */ = {isa = PBXBuildFile; fileRef = 92B366F41CA8889000C3265E /* WashINSADetailsViewController.swift */; };
		92BCDC731CEF163900237160 /* LocalINSATableViewController.swift in Sources */ = {isa = PBXBuildFile; fileRef = 92BCDC721CEF163900237160 /* LocalINSATableViewController.swift */; };
		92BCDC751CEF185A00237160 /* LocalINSATableViewCell.swift in Sources */ = {isa = PBXBuildFile; fileRef = 92BCDC741CEF185A00237160 /* LocalINSATableViewCell.swift */; };
		92CBC4E61C8642CB0074B9B2 /* Extension.swift in Sources */ = {isa = PBXBuildFile; fileRef = 92CBC4E51C8642CB0074B9B2 /* Extension.swift */; };
/* End PBXBuildFile section */

/* Begin PBXContainerItemProxy section */
		9206F3CE1C838F8B00978CF5 /* PBXContainerItemProxy */ = {
			isa = PBXContainerItemProxy;
			containerPortal = 9206F3AE1C838F8B00978CF5 /* Project object */;
			proxyType = 1;
			remoteGlobalIDString = 9206F3B51C838F8B00978CF5;
			remoteInfo = AmicaleINSA;
		};
		9206F3D91C838F8B00978CF5 /* PBXContainerItemProxy */ = {
			isa = PBXContainerItemProxy;
			containerPortal = 9206F3AE1C838F8B00978CF5 /* Project object */;
			proxyType = 1;
			remoteGlobalIDString = 9206F3B51C838F8B00978CF5;
			remoteInfo = AmicaleINSA;
		};
/* End PBXContainerItemProxy section */

/* Begin PBXFileReference section */
		482B0F92800EC36EB41E1BC7 /* Pods-AmicaleINSA.debug.xcconfig */ = {isa = PBXFileReference; includeInIndex = 1; lastKnownFileType = text.xcconfig; name = "Pods-AmicaleINSA.debug.xcconfig"; path = "Pods/Target Support Files/Pods-AmicaleINSA/Pods-AmicaleINSA.debug.xcconfig"; sourceTree = "<group>"; };
		4E424C51F178E0AE83AA0BA4 /* Pods-AmicaleINSATests.release.xcconfig */ = {isa = PBXFileReference; includeInIndex = 1; lastKnownFileType = text.xcconfig; name = "Pods-AmicaleINSATests.release.xcconfig"; path = "Pods/Target Support Files/Pods-AmicaleINSATests/Pods-AmicaleINSATests.release.xcconfig"; sourceTree = "<group>"; };
		50F7885CA4F2B841A3D3EF2D /* Pods-AmicaleINSA.release.xcconfig */ = {isa = PBXFileReference; includeInIndex = 1; lastKnownFileType = text.xcconfig; name = "Pods-AmicaleINSA.release.xcconfig"; path = "Pods/Target Support Files/Pods-AmicaleINSA/Pods-AmicaleINSA.release.xcconfig"; sourceTree = "<group>"; };
		5890EEA5A8EAB350461F73B8 /* Pods-AmicaleINSATests.debug.xcconfig */ = {isa = PBXFileReference; includeInIndex = 1; lastKnownFileType = text.xcconfig; name = "Pods-AmicaleINSATests.debug.xcconfig"; path = "Pods/Target Support Files/Pods-AmicaleINSATests/Pods-AmicaleINSATests.debug.xcconfig"; sourceTree = "<group>"; };
		846010629BE9E42F568F3673 /* Pods_AmicaleINSATests.framework */ = {isa = PBXFileReference; explicitFileType = wrapper.framework; includeInIndex = 0; path = Pods_AmicaleINSATests.framework; sourceTree = BUILT_PRODUCTS_DIR; };
		9206F3B61C838F8B00978CF5 /* AmicaleINSA.app */ = {isa = PBXFileReference; explicitFileType = wrapper.application; includeInIndex = 0; path = AmicaleINSA.app; sourceTree = BUILT_PRODUCTS_DIR; };
		9206F3B91C838F8B00978CF5 /* AppDelegate.swift */ = {isa = PBXFileReference; lastKnownFileType = sourcecode.swift; path = AppDelegate.swift; sourceTree = "<group>"; };
		9206F3BB1C838F8B00978CF5 /* ViewController.swift */ = {isa = PBXFileReference; lastKnownFileType = sourcecode.swift; path = ViewController.swift; sourceTree = "<group>"; };
		9206F3BE1C838F8B00978CF5 /* Base */ = {isa = PBXFileReference; lastKnownFileType = file.storyboard; name = Base; path = Base.lproj/Main.storyboard; sourceTree = "<group>"; };
		9206F3C11C838F8B00978CF5 /* AmicaleINSA.xcdatamodel */ = {isa = PBXFileReference; lastKnownFileType = wrapper.xcdatamodel; path = AmicaleINSA.xcdatamodel; sourceTree = "<group>"; };
		9206F3C31C838F8B00978CF5 /* Assets.xcassets */ = {isa = PBXFileReference; lastKnownFileType = folder.assetcatalog; path = Assets.xcassets; sourceTree = "<group>"; };
		9206F3C61C838F8B00978CF5 /* Base */ = {isa = PBXFileReference; lastKnownFileType = file.storyboard; name = Base; path = Base.lproj/LaunchScreen.storyboard; sourceTree = "<group>"; };
		9206F3C81C838F8B00978CF5 /* Info.plist */ = {isa = PBXFileReference; lastKnownFileType = text.plist.xml; path = Info.plist; sourceTree = "<group>"; };
		9206F3CD1C838F8B00978CF5 /* AmicaleINSATests.xctest */ = {isa = PBXFileReference; explicitFileType = wrapper.cfbundle; includeInIndex = 0; path = AmicaleINSATests.xctest; sourceTree = BUILT_PRODUCTS_DIR; };
		9206F3D11C838F8B00978CF5 /* AmicaleINSATests.swift */ = {isa = PBXFileReference; lastKnownFileType = sourcecode.swift; path = AmicaleINSATests.swift; sourceTree = "<group>"; };
		9206F3D31C838F8B00978CF5 /* Info.plist */ = {isa = PBXFileReference; lastKnownFileType = text.plist.xml; path = Info.plist; sourceTree = "<group>"; };
		9206F3D81C838F8B00978CF5 /* AmicaleINSAUITests.xctest */ = {isa = PBXFileReference; explicitFileType = wrapper.cfbundle; includeInIndex = 0; path = AmicaleINSAUITests.xctest; sourceTree = BUILT_PRODUCTS_DIR; };
		9206F3DC1C838F8B00978CF5 /* AmicaleINSAUITests.swift */ = {isa = PBXFileReference; lastKnownFileType = sourcecode.swift; path = AmicaleINSAUITests.swift; sourceTree = "<group>"; };
		9206F3DE1C838F8B00978CF5 /* Info.plist */ = {isa = PBXFileReference; lastKnownFileType = text.plist.xml; path = Info.plist; sourceTree = "<group>"; };
		9206F3EC1C83963D00978CF5 /* MenuController.swift */ = {isa = PBXFileReference; fileEncoding = 4; lastKnownFileType = sourcecode.swift; path = MenuController.swift; sourceTree = "<group>"; };
		9206F3EE1C8399F600978CF5 /* ChatViewController.swift */ = {isa = PBXFileReference; fileEncoding = 4; lastKnownFileType = sourcecode.swift; path = ChatViewController.swift; sourceTree = "<group>"; };
		9206F3F01C839A2900978CF5 /* FirebaseManager.swift */ = {isa = PBXFileReference; fileEncoding = 4; lastKnownFileType = sourcecode.swift; path = FirebaseManager.swift; sourceTree = "<group>"; };
		9206F3F21C839A4200978CF5 /* Secret.swift */ = {isa = PBXFileReference; fileEncoding = 4; lastKnownFileType = sourcecode.swift; path = Secret.swift; sourceTree = "<group>"; };
		9206F3F41C839AE300978CF5 /* Photo.swift */ = {isa = PBXFileReference; fileEncoding = 4; lastKnownFileType = sourcecode.swift; path = Photo.swift; sourceTree = "<group>"; };
		9206F3F61C839F8900978CF5 /* AmicaleINSA-Bridging-Header.h */ = {isa = PBXFileReference; lastKnownFileType = sourcecode.c.h; path = "AmicaleINSA-Bridging-Header.h"; sourceTree = "<group>"; };
		9206F3F71C83AC4900978CF5 /* Public.swift */ = {isa = PBXFileReference; fileEncoding = 4; lastKnownFileType = sourcecode.swift; path = Public.swift; sourceTree = "<group>"; };
		92128FD41C8605B800AA96AD /* SettingsViewController.swift */ = {isa = PBXFileReference; fileEncoding = 4; lastKnownFileType = sourcecode.swift; path = SettingsViewController.swift; sourceTree = "<group>"; };
		9233B9261CFF3AB400DFF955 /* GoogleService-Info.plist */ = {isa = PBXFileReference; fileEncoding = 4; lastKnownFileType = text.plist.xml; path = "GoogleService-Info.plist"; sourceTree = "<group>"; };
		923677FA1CAC28A100FA7084 /* BreakOutToRefreshView.swift */ = {isa = PBXFileReference; fileEncoding = 4; lastKnownFileType = sourcecode.swift; path = BreakOutToRefreshView.swift; sourceTree = "<group>"; };
		9247CD781CB12CE8008F51E2 /* PostWithImageTableViewCell.swift */ = {isa = PBXFileReference; fileEncoding = 4; lastKnownFileType = sourcecode.swift; path = PostWithImageTableViewCell.swift; sourceTree = "<group>"; };
		9247CD7A1CB12CFA008F51E2 /* PostWithoutImageTableViewCell.swift */ = {isa = PBXFileReference; fileEncoding = 4; lastKnownFileType = sourcecode.swift; path = PostWithoutImageTableViewCell.swift; sourceTree = "<group>"; };
		9247CD7C1CB12D07008F51E2 /* PostTableViewController.swift */ = {isa = PBXFileReference; fileEncoding = 4; lastKnownFileType = sourcecode.swift; path = PostTableViewController.swift; sourceTree = "<group>"; };
		9265E2661CA8348A000BE187 /* WashINSATableViewController.swift */ = {isa = PBXFileReference; fileEncoding = 4; lastKnownFileType = sourcecode.swift; path = WashINSATableViewController.swift; sourceTree = "<group>"; };
		9265E26A1CA8355B000BE187 /* WashINSATableViewCell.swift */ = {isa = PBXFileReference; fileEncoding = 4; lastKnownFileType = sourcecode.swift; path = WashINSATableViewCell.swift; sourceTree = "<group>"; };
		928970DB1CFF4550009905C0 /* JSQSystemSoundPlayer.framework */ = {isa = PBXFileReference; lastKnownFileType = wrapper.framework; name = JSQSystemSoundPlayer.framework; path = "../../../Library/Developer/Xcode/DerivedData/AmicaleINSA-dpjnjkkdvevvkyccpjeukgltdywr/Build/Products/Debug-iphonesimulator/JSQSystemSoundPlayer/JSQSystemSoundPlayer.framework"; sourceTree = "<group>"; };
		928970DD1CFF4564009905C0 /* JSQMessagesViewController.framework */ = {isa = PBXFileReference; lastKnownFileType = wrapper.framework; name = JSQMessagesViewController.framework; path = "../../../Library/Developer/Xcode/DerivedData/AmicaleINSA-dpjnjkkdvevvkyccpjeukgltdywr/Build/Products/Debug-iphonesimulator/JSQMessagesViewController/JSQMessagesViewController.framework"; sourceTree = "<group>"; };
		929D4C491CB2ECB00097CFA6 /* CustomInfiniteIndicator.swift */ = {isa = PBXFileReference; fileEncoding = 4; lastKnownFileType = sourcecode.swift; path = CustomInfiniteIndicator.swift; sourceTree = "<group>"; };
		92A03D3B1D3BDCA40021E0C5 /* SettingsTableViewController.swift */ = {isa = PBXFileReference; fileEncoding = 4; lastKnownFileType = sourcecode.swift; path = SettingsTableViewController.swift; sourceTree = "<group>"; };
		92A7013C1C847B4C000E1E8F /* WebPlanningViewController.swift */ = {isa = PBXFileReference; fileEncoding = 4; lastKnownFileType = sourcecode.swift; path = WebPlanningViewController.swift; sourceTree = "<group>"; };
		92A7013E1C847EA0000E1E8F /* Device.swift */ = {isa = PBXFileReference; fileEncoding = 4; lastKnownFileType = sourcecode.swift; path = Device.swift; sourceTree = "<group>"; };
		92AAF0F41CEA5EB000301CBD /* TODO.txt */ = {isa = PBXFileReference; fileEncoding = 4; lastKnownFileType = text; path = TODO.txt; sourceTree = "<group>"; };
		92B366F41CA8889000C3265E /* WashINSADetailsViewController.swift */ = {isa = PBXFileReference; fileEncoding = 4; lastKnownFileType = sourcecode.swift; path = WashINSADetailsViewController.swift; sourceTree = "<group>"; };
		92BCDC721CEF163900237160 /* LocalINSATableViewController.swift */ = {isa = PBXFileReference; fileEncoding = 4; lastKnownFileType = sourcecode.swift; path = LocalINSATableViewController.swift; sourceTree = "<group>"; };
		92BCDC741CEF185A00237160 /* LocalINSATableViewCell.swift */ = {isa = PBXFileReference; fileEncoding = 4; lastKnownFileType = sourcecode.swift; path = LocalINSATableViewCell.swift; sourceTree = "<group>"; };
		92CBC4E51C8642CB0074B9B2 /* Extension.swift */ = {isa = PBXFileReference; fileEncoding = 4; lastKnownFileType = sourcecode.swift; path = Extension.swift; sourceTree = "<group>"; };
		99BE2483E29CB956425B6E64 /* Pods_AmicaleINSA.framework */ = {isa = PBXFileReference; explicitFileType = wrapper.framework; includeInIndex = 0; path = Pods_AmicaleINSA.framework; sourceTree = BUILT_PRODUCTS_DIR; };
		AFD6AE2CBD83D64AA3EDF111 /* Pods-AmicaleINSAUITests.release.xcconfig */ = {isa = PBXFileReference; includeInIndex = 1; lastKnownFileType = text.xcconfig; name = "Pods-AmicaleINSAUITests.release.xcconfig"; path = "Pods/Target Support Files/Pods-AmicaleINSAUITests/Pods-AmicaleINSAUITests.release.xcconfig"; sourceTree = "<group>"; };
		E55D97296342711E96D8E249 /* Pods_AmicaleINSAUITests.framework */ = {isa = PBXFileReference; explicitFileType = wrapper.framework; includeInIndex = 0; path = Pods_AmicaleINSAUITests.framework; sourceTree = BUILT_PRODUCTS_DIR; };
		FC55B252FEE3E8F35D1BD2D3 /* Pods-AmicaleINSAUITests.debug.xcconfig */ = {isa = PBXFileReference; includeInIndex = 1; lastKnownFileType = text.xcconfig; name = "Pods-AmicaleINSAUITests.debug.xcconfig"; path = "Pods/Target Support Files/Pods-AmicaleINSAUITests/Pods-AmicaleINSAUITests.debug.xcconfig"; sourceTree = "<group>"; };
/* End PBXFileReference section */

/* Begin PBXFrameworksBuildPhase section */
		9206F3B31C838F8B00978CF5 /* Frameworks */ = {
			isa = PBXFrameworksBuildPhase;
			buildActionMask = 2147483647;
			files = (
				928970DE1CFF4564009905C0 /* JSQMessagesViewController.framework in Frameworks */,
				928970DC1CFF4550009905C0 /* JSQSystemSoundPlayer.framework in Frameworks */,
				658D6245D026254566590345 /* Pods_AmicaleINSA.framework in Frameworks */,
			);
			runOnlyForDeploymentPostprocessing = 0;
		};
		9206F3CA1C838F8B00978CF5 /* Frameworks */ = {
			isa = PBXFrameworksBuildPhase;
			buildActionMask = 2147483647;
			files = (
				1FDA3564F7E98757D912A51A /* Pods_AmicaleINSATests.framework in Frameworks */,
			);
			runOnlyForDeploymentPostprocessing = 0;
		};
		9206F3D51C838F8B00978CF5 /* Frameworks */ = {
			isa = PBXFrameworksBuildPhase;
			buildActionMask = 2147483647;
			files = (
				24F38C5F442F11F602C47A0D /* Pods_AmicaleINSAUITests.framework in Frameworks */,
			);
			runOnlyForDeploymentPostprocessing = 0;
		};
/* End PBXFrameworksBuildPhase section */

/* Begin PBXGroup section */
		9206F3AD1C838F8B00978CF5 = {
			isa = PBXGroup;
			children = (
				9206F3B81C838F8B00978CF5 /* AmicaleINSA */,
				9206F3D01C838F8B00978CF5 /* AmicaleINSATests */,
				9206F3DB1C838F8B00978CF5 /* AmicaleINSAUITests */,
				9206F3B71C838F8B00978CF5 /* Products */,
				E11FE2A1E9CF8072EE4B8701 /* Pods */,
				FAD37693FA0E86B46EACE36D /* Frameworks */,
			);
			sourceTree = "<group>";
		};
		9206F3B71C838F8B00978CF5 /* Products */ = {
			isa = PBXGroup;
			children = (
				9206F3B61C838F8B00978CF5 /* AmicaleINSA.app */,
				9206F3CD1C838F8B00978CF5 /* AmicaleINSATests.xctest */,
				9206F3D81C838F8B00978CF5 /* AmicaleINSAUITests.xctest */,
			);
			name = Products;
			sourceTree = "<group>";
		};
		9206F3B81C838F8B00978CF5 /* AmicaleINSA */ = {
			isa = PBXGroup;
			children = (
				92A03D3A1D3BDC860021E0C5 /* Settings2 */,
				9206F3B91C838F8B00978CF5 /* AppDelegate.swift */,
				92BCDC711CEF160000237160 /* LocalINSA */,
				92AAF0F31CEA5E9600301CBD /* TODO */,
				9247CD771CB12CCA008F51E2 /* Post */,
				9265E2651CA8346F000BE187 /* Washinsa */,
				92128FD61C86064000AA96AD /* Settings */,
				92A701421C848309000E1E8F /* Constants */,
				92A701411C8482F8000E1E8F /* WebPlanning */,
				92A701401C8482ED000E1E8F /* Frameworks */,
				92A7013B1C847A3C000E1E8F /* Firebase */,
				92A7013A1C847A2A000E1E8F /* Chat */,
				92A701391C847A1D000E1E8F /* Menu */,
				92A701381C847A12000E1E8F /* Bridging Header */,
				923677F71CAC287E00FA7084 /* UI */,
				9206F3BB1C838F8B00978CF5 /* ViewController.swift */,
				9206F3BD1C838F8B00978CF5 /* Main.storyboard */,
				9206F3C31C838F8B00978CF5 /* Assets.xcassets */,
				9206F3C51C838F8B00978CF5 /* LaunchScreen.storyboard */,
				9206F3C81C838F8B00978CF5 /* Info.plist */,
				9206F3C01C838F8B00978CF5 /* AmicaleINSA.xcdatamodeld */,
				9233B9261CFF3AB400DFF955 /* GoogleService-Info.plist */,
			);
			path = AmicaleINSA;
			sourceTree = "<group>";
		};
		9206F3D01C838F8B00978CF5 /* AmicaleINSATests */ = {
			isa = PBXGroup;
			children = (
				9206F3D11C838F8B00978CF5 /* AmicaleINSATests.swift */,
				9206F3D31C838F8B00978CF5 /* Info.plist */,
			);
			path = AmicaleINSATests;
			sourceTree = "<group>";
		};
		9206F3DB1C838F8B00978CF5 /* AmicaleINSAUITests */ = {
			isa = PBXGroup;
			children = (
				9206F3DC1C838F8B00978CF5 /* AmicaleINSAUITests.swift */,
				9206F3DE1C838F8B00978CF5 /* Info.plist */,
			);
			path = AmicaleINSAUITests;
			sourceTree = "<group>";
		};
		92128FD61C86064000AA96AD /* Settings */ = {
			isa = PBXGroup;
			children = (
				92128FD41C8605B800AA96AD /* SettingsViewController.swift */,
			);
			name = Settings;
			sourceTree = "<group>";
		};
		923677F71CAC287E00FA7084 /* UI */ = {
			isa = PBXGroup;
			children = (
				923677FA1CAC28A100FA7084 /* BreakOutToRefreshView.swift */,
				929D4C491CB2ECB00097CFA6 /* CustomInfiniteIndicator.swift */,
			);
			name = UI;
			sourceTree = "<group>";
		};
		9247CD771CB12CCA008F51E2 /* Post */ = {
			isa = PBXGroup;
			children = (
				9247CD7C1CB12D07008F51E2 /* PostTableViewController.swift */,
				9247CD781CB12CE8008F51E2 /* PostWithImageTableViewCell.swift */,
				9247CD7A1CB12CFA008F51E2 /* PostWithoutImageTableViewCell.swift */,
			);
			name = Post;
			sourceTree = "<group>";
		};
		9265E2651CA8346F000BE187 /* Washinsa */ = {
			isa = PBXGroup;
			children = (
				9265E2661CA8348A000BE187 /* WashINSATableViewController.swift */,
				92B366F41CA8889000C3265E /* WashINSADetailsViewController.swift */,
				9265E26A1CA8355B000BE187 /* WashINSATableViewCell.swift */,
			);
			name = Washinsa;
			sourceTree = "<group>";
		};
		92A03D3A1D3BDC860021E0C5 /* Settings2 */ = {
			isa = PBXGroup;
			children = (
				92A03D3B1D3BDCA40021E0C5 /* SettingsTableViewController.swift */,
			);
			name = Settings2;
			sourceTree = "<group>";
		};
		92A701381C847A12000E1E8F /* Bridging Header */ = {
			isa = PBXGroup;
			children = (
				9206F3F61C839F8900978CF5 /* AmicaleINSA-Bridging-Header.h */,
			);
			name = "Bridging Header";
			sourceTree = "<group>";
		};
		92A701391C847A1D000E1E8F /* Menu */ = {
			isa = PBXGroup;
			children = (
				9206F3EC1C83963D00978CF5 /* MenuController.swift */,
			);
			name = Menu;
			sourceTree = "<group>";
		};
		92A7013A1C847A2A000E1E8F /* Chat */ = {
			isa = PBXGroup;
			children = (
				9206F3F41C839AE300978CF5 /* Photo.swift */,
				9206F3EE1C8399F600978CF5 /* ChatViewController.swift */,
			);
			name = Chat;
			sourceTree = "<group>";
		};
		92A7013B1C847A3C000E1E8F /* Firebase */ = {
			isa = PBXGroup;
			children = (
				9206F3F01C839A2900978CF5 /* FirebaseManager.swift */,
			);
			name = Firebase;
			sourceTree = "<group>";
		};
		92A701401C8482ED000E1E8F /* Frameworks */ = {
			isa = PBXGroup;
			children = (
				92A7013E1C847EA0000E1E8F /* Device.swift */,
			);
			name = Frameworks;
			sourceTree = "<group>";
		};
		92A701411C8482F8000E1E8F /* WebPlanning */ = {
			isa = PBXGroup;
			children = (
				92A7013C1C847B4C000E1E8F /* WebPlanningViewController.swift */,
			);
			name = WebPlanning;
			sourceTree = "<group>";
		};
		92A701421C848309000E1E8F /* Constants */ = {
			isa = PBXGroup;
			children = (
				9206F3F21C839A4200978CF5 /* Secret.swift */,
				9206F3F71C83AC4900978CF5 /* Public.swift */,
				92CBC4E51C8642CB0074B9B2 /* Extension.swift */,
			);
			name = Constants;
			sourceTree = "<group>";
		};
		92AAF0F31CEA5E9600301CBD /* TODO */ = {
			isa = PBXGroup;
			children = (
				92AAF0F41CEA5EB000301CBD /* TODO.txt */,
			);
			name = TODO;
			sourceTree = "<group>";
		};
		92BCDC711CEF160000237160 /* LocalINSA */ = {
			isa = PBXGroup;
			children = (
				92BCDC721CEF163900237160 /* LocalINSATableViewController.swift */,
				92BCDC741CEF185A00237160 /* LocalINSATableViewCell.swift */,
			);
			name = LocalINSA;
			sourceTree = "<group>";
		};
		E11FE2A1E9CF8072EE4B8701 /* Pods */ = {
			isa = PBXGroup;
			children = (
				482B0F92800EC36EB41E1BC7 /* Pods-AmicaleINSA.debug.xcconfig */,
				50F7885CA4F2B841A3D3EF2D /* Pods-AmicaleINSA.release.xcconfig */,
				5890EEA5A8EAB350461F73B8 /* Pods-AmicaleINSATests.debug.xcconfig */,
				4E424C51F178E0AE83AA0BA4 /* Pods-AmicaleINSATests.release.xcconfig */,
				FC55B252FEE3E8F35D1BD2D3 /* Pods-AmicaleINSAUITests.debug.xcconfig */,
				AFD6AE2CBD83D64AA3EDF111 /* Pods-AmicaleINSAUITests.release.xcconfig */,
			);
			name = Pods;
			sourceTree = "<group>";
		};
		FAD37693FA0E86B46EACE36D /* Frameworks */ = {
			isa = PBXGroup;
			children = (
				928970DD1CFF4564009905C0 /* JSQMessagesViewController.framework */,
				928970DB1CFF4550009905C0 /* JSQSystemSoundPlayer.framework */,
				99BE2483E29CB956425B6E64 /* Pods_AmicaleINSA.framework */,
				846010629BE9E42F568F3673 /* Pods_AmicaleINSATests.framework */,
				E55D97296342711E96D8E249 /* Pods_AmicaleINSAUITests.framework */,
			);
			name = Frameworks;
			sourceTree = "<group>";
		};
/* End PBXGroup section */

/* Begin PBXNativeTarget section */
		9206F3B51C838F8B00978CF5 /* AmicaleINSA */ = {
			isa = PBXNativeTarget;
			buildConfigurationList = 9206F3E11C838F8B00978CF5 /* Build configuration list for PBXNativeTarget "AmicaleINSA" */;
			buildPhases = (
				82771AA903F8B715718FE121 /* 📦 Check Pods Manifest.lock */,
				9206F3B21C838F8B00978CF5 /* Sources */,
				9206F3B31C838F8B00978CF5 /* Frameworks */,
				9206F3B41C838F8B00978CF5 /* Resources */,
				2CB42A7378579E2A7B03E138 /* 📦 Embed Pods Frameworks */,
				04F131DAF710A79676F72073 /* 📦 Copy Pods Resources */,
				92FEF49C1D28197D00C89677 /* Run Script */,
			);
			buildRules = (
			);
			dependencies = (
			);
			name = AmicaleINSA;
			productName = AmicaleINSA;
			productReference = 9206F3B61C838F8B00978CF5 /* AmicaleINSA.app */;
			productType = "com.apple.product-type.application";
		};
		9206F3CC1C838F8B00978CF5 /* AmicaleINSATests */ = {
			isa = PBXNativeTarget;
			buildConfigurationList = 9206F3E41C838F8B00978CF5 /* Build configuration list for PBXNativeTarget "AmicaleINSATests" */;
			buildPhases = (
				99E6B214F7946234D2AC47BD /* 📦 Check Pods Manifest.lock */,
				9206F3C91C838F8B00978CF5 /* Sources */,
				9206F3CA1C838F8B00978CF5 /* Frameworks */,
				9206F3CB1C838F8B00978CF5 /* Resources */,
				16B68B32C5F29C36D8CC87A3 /* 📦 Embed Pods Frameworks */,
				6F3C047BE26ECCE584108F8F /* 📦 Copy Pods Resources */,
			);
			buildRules = (
			);
			dependencies = (
				9206F3CF1C838F8B00978CF5 /* PBXTargetDependency */,
			);
			name = AmicaleINSATests;
			productName = AmicaleINSATests;
			productReference = 9206F3CD1C838F8B00978CF5 /* AmicaleINSATests.xctest */;
			productType = "com.apple.product-type.bundle.unit-test";
		};
		9206F3D71C838F8B00978CF5 /* AmicaleINSAUITests */ = {
			isa = PBXNativeTarget;
			buildConfigurationList = 9206F3E71C838F8B00978CF5 /* Build configuration list for PBXNativeTarget "AmicaleINSAUITests" */;
			buildPhases = (
				77065091654B9E220E4B6703 /* 📦 Check Pods Manifest.lock */,
				9206F3D41C838F8B00978CF5 /* Sources */,
				9206F3D51C838F8B00978CF5 /* Frameworks */,
				9206F3D61C838F8B00978CF5 /* Resources */,
				72CF02A4659C224F15BC7163 /* 📦 Copy Pods Resources */,
			);
			buildRules = (
			);
			dependencies = (
				9206F3DA1C838F8B00978CF5 /* PBXTargetDependency */,
			);
			name = AmicaleINSAUITests;
			productName = AmicaleINSAUITests;
			productReference = 9206F3D81C838F8B00978CF5 /* AmicaleINSAUITests.xctest */;
			productType = "com.apple.product-type.bundle.ui-testing";
		};
/* End PBXNativeTarget section */

/* Begin PBXProject section */
		9206F3AE1C838F8B00978CF5 /* Project object */ = {
			isa = PBXProject;
			attributes = {
				LastSwiftUpdateCheck = 0720;
				LastUpgradeCheck = 0720;
				ORGANIZATIONNAME = "Arthur Papailhau";
				TargetAttributes = {
					9206F3B51C838F8B00978CF5 = {
						CreatedOnToolsVersion = 7.2.1;
						DevelopmentTeam = Q4B996RU7K;
						SystemCapabilities = {
							com.apple.Push = {
								enabled = 1;
							};
						};
					};
					9206F3CC1C838F8B00978CF5 = {
						CreatedOnToolsVersion = 7.2.1;
						TestTargetID = 9206F3B51C838F8B00978CF5;
					};
					9206F3D71C838F8B00978CF5 = {
						CreatedOnToolsVersion = 7.2.1;
						TestTargetID = 9206F3B51C838F8B00978CF5;
					};
				};
			};
			buildConfigurationList = 9206F3B11C838F8B00978CF5 /* Build configuration list for PBXProject "AmicaleINSA" */;
			compatibilityVersion = "Xcode 3.2";
			developmentRegion = English;
			hasScannedForEncodings = 0;
			knownRegions = (
				en,
				Base,
			);
			mainGroup = 9206F3AD1C838F8B00978CF5;
			productRefGroup = 9206F3B71C838F8B00978CF5 /* Products */;
			projectDirPath = "";
			projectRoot = "";
			targets = (
				9206F3B51C838F8B00978CF5 /* AmicaleINSA */,
				9206F3CC1C838F8B00978CF5 /* AmicaleINSATests */,
				9206F3D71C838F8B00978CF5 /* AmicaleINSAUITests */,
			);
		};
/* End PBXProject section */

/* Begin PBXResourcesBuildPhase section */
		9206F3B41C838F8B00978CF5 /* Resources */ = {
			isa = PBXResourcesBuildPhase;
			buildActionMask = 2147483647;
			files = (
				92AAF0F51CEA5EB000301CBD /* TODO.txt in Resources */,
				9206F3C71C838F8B00978CF5 /* LaunchScreen.storyboard in Resources */,
				9233B9271CFF3AB400DFF955 /* GoogleService-Info.plist in Resources */,
				9206F3C41C838F8B00978CF5 /* Assets.xcassets in Resources */,
				9206F3BF1C838F8B00978CF5 /* Main.storyboard in Resources */,
			);
			runOnlyForDeploymentPostprocessing = 0;
		};
		9206F3CB1C838F8B00978CF5 /* Resources */ = {
			isa = PBXResourcesBuildPhase;
			buildActionMask = 2147483647;
			files = (
			);
			runOnlyForDeploymentPostprocessing = 0;
		};
		9206F3D61C838F8B00978CF5 /* Resources */ = {
			isa = PBXResourcesBuildPhase;
			buildActionMask = 2147483647;
			files = (
			);
			runOnlyForDeploymentPostprocessing = 0;
		};
/* End PBXResourcesBuildPhase section */

/* Begin PBXShellScriptBuildPhase section */
		04F131DAF710A79676F72073 /* 📦 Copy Pods Resources */ = {
			isa = PBXShellScriptBuildPhase;
			buildActionMask = 2147483647;
			files = (
			);
			inputPaths = (
			);
			name = "📦 Copy Pods Resources";
			outputPaths = (
			);
			runOnlyForDeploymentPostprocessing = 0;
			shellPath = /bin/sh;
			shellScript = "\"${SRCROOT}/Pods/Target Support Files/Pods-AmicaleINSA/Pods-AmicaleINSA-resources.sh\"\n";
			showEnvVarsInLog = 0;
		};
		16B68B32C5F29C36D8CC87A3 /* 📦 Embed Pods Frameworks */ = {
			isa = PBXShellScriptBuildPhase;
			buildActionMask = 2147483647;
			files = (
			);
			inputPaths = (
			);
			name = "📦 Embed Pods Frameworks";
			outputPaths = (
			);
			runOnlyForDeploymentPostprocessing = 0;
			shellPath = /bin/sh;
			shellScript = "\"${SRCROOT}/Pods/Target Support Files/Pods-AmicaleINSATests/Pods-AmicaleINSATests-frameworks.sh\"\n";
			showEnvVarsInLog = 0;
		};
		2CB42A7378579E2A7B03E138 /* 📦 Embed Pods Frameworks */ = {
			isa = PBXShellScriptBuildPhase;
			buildActionMask = 2147483647;
			files = (
			);
			inputPaths = (
			);
			name = "📦 Embed Pods Frameworks";
			outputPaths = (
			);
			runOnlyForDeploymentPostprocessing = 0;
			shellPath = /bin/sh;
			shellScript = "\"${SRCROOT}/Pods/Target Support Files/Pods-AmicaleINSA/Pods-AmicaleINSA-frameworks.sh\"\n";
			showEnvVarsInLog = 0;
		};
		6F3C047BE26ECCE584108F8F /* 📦 Copy Pods Resources */ = {
			isa = PBXShellScriptBuildPhase;
			buildActionMask = 2147483647;
			files = (
			);
			inputPaths = (
			);
			name = "📦 Copy Pods Resources";
			outputPaths = (
			);
			runOnlyForDeploymentPostprocessing = 0;
			shellPath = /bin/sh;
			shellScript = "\"${SRCROOT}/Pods/Target Support Files/Pods-AmicaleINSATests/Pods-AmicaleINSATests-resources.sh\"\n";
			showEnvVarsInLog = 0;
		};
		72CF02A4659C224F15BC7163 /* 📦 Copy Pods Resources */ = {
			isa = PBXShellScriptBuildPhase;
			buildActionMask = 2147483647;
			files = (
			);
			inputPaths = (
			);
			name = "📦 Copy Pods Resources";
			outputPaths = (
			);
			runOnlyForDeploymentPostprocessing = 0;
			shellPath = /bin/sh;
			shellScript = "\"${SRCROOT}/Pods/Target Support Files/Pods-AmicaleINSAUITests/Pods-AmicaleINSAUITests-resources.sh\"\n";
			showEnvVarsInLog = 0;
		};
		77065091654B9E220E4B6703 /* 📦 Check Pods Manifest.lock */ = {
			isa = PBXShellScriptBuildPhase;
			buildActionMask = 2147483647;
			files = (
			);
			inputPaths = (
			);
			name = "📦 Check Pods Manifest.lock";
			outputPaths = (
			);
			runOnlyForDeploymentPostprocessing = 0;
			shellPath = /bin/sh;
			shellScript = "diff \"${PODS_ROOT}/../Podfile.lock\" \"${PODS_ROOT}/Manifest.lock\" > /dev/null\nif [[ $? != 0 ]] ; then\n    cat << EOM\nerror: The sandbox is not in sync with the Podfile.lock. Run 'pod install' or update your CocoaPods installation.\nEOM\n    exit 1\nfi\n";
			showEnvVarsInLog = 0;
		};
		82771AA903F8B715718FE121 /* 📦 Check Pods Manifest.lock */ = {
			isa = PBXShellScriptBuildPhase;
			buildActionMask = 2147483647;
			files = (
			);
			inputPaths = (
			);
			name = "📦 Check Pods Manifest.lock";
			outputPaths = (
			);
			runOnlyForDeploymentPostprocessing = 0;
			shellPath = /bin/sh;
			shellScript = "diff \"${PODS_ROOT}/../Podfile.lock\" \"${PODS_ROOT}/Manifest.lock\" > /dev/null\nif [[ $? != 0 ]] ; then\n    cat << EOM\nerror: The sandbox is not in sync with the Podfile.lock. Run 'pod install' or update your CocoaPods installation.\nEOM\n    exit 1\nfi\n";
			showEnvVarsInLog = 0;
		};
		92FEF49C1D28197D00C89677 /* Run Script */ = {
			isa = PBXShellScriptBuildPhase;
			buildActionMask = 2147483647;
			files = (
			);
			inputPaths = (
			);
			name = "Run Script";
			outputPaths = (
			);
			runOnlyForDeploymentPostprocessing = 0;
			shellPath = /bin/sh;
			shellScript = "# Replace this path with the path to the key you just downloaded\nJSON_FILE=/Users/arthurpapailhau/Source/Amicale/AmicaleINSA_update_firebase2/amicale-5065783525a3.json\n\n# Replace this with the GOOGLE_APP_ID from your GoogleService-Info.plist file\nGOOGLE_APP_ID=1:301365828536:ios:ea5751efe39b0652\n\ndefaults write com.google.SymbolUpload version -integer 1   # creates file if it does not exist\nJSON=$(cat \"${JSON_FILE}\")\n/usr/bin/plutil -replace \"app_${GOOGLE_APP_ID//:/_}\" -json \"${JSON}\" \"$HOME/Library/Preferences/com.google.SymbolUpload.plist\"\n\"${PODS_ROOT}\"/FirebaseCrash/upload-sym";
		};
		99E6B214F7946234D2AC47BD /* 📦 Check Pods Manifest.lock */ = {
			isa = PBXShellScriptBuildPhase;
			buildActionMask = 2147483647;
			files = (
			);
			inputPaths = (
			);
			name = "📦 Check Pods Manifest.lock";
			outputPaths = (
			);
			runOnlyForDeploymentPostprocessing = 0;
			shellPath = /bin/sh;
			shellScript = "diff \"${PODS_ROOT}/../Podfile.lock\" \"${PODS_ROOT}/Manifest.lock\" > /dev/null\nif [[ $? != 0 ]] ; then\n    cat << EOM\nerror: The sandbox is not in sync with the Podfile.lock. Run 'pod install' or update your CocoaPods installation.\nEOM\n    exit 1\nfi\n";
			showEnvVarsInLog = 0;
		};
/* End PBXShellScriptBuildPhase section */

/* Begin PBXSourcesBuildPhase section */
		9206F3B21C838F8B00978CF5 /* Sources */ = {
			isa = PBXSourcesBuildPhase;
			buildActionMask = 2147483647;
			files = (
				92A7013F1C847EA0000E1E8F /* Device.swift in Sources */,
				92A7013D1C847B4C000E1E8F /* WebPlanningViewController.swift in Sources */,
				92BCDC731CEF163900237160 /* LocalINSATableViewController.swift in Sources */,
				9206F3F51C839AE300978CF5 /* Photo.swift in Sources */,
				9265E2671CA8348A000BE187 /* WashINSATableViewController.swift in Sources */,
				92BCDC751CEF185A00237160 /* LocalINSATableViewCell.swift in Sources */,
				9206F3F11C839A2900978CF5 /* FirebaseManager.swift in Sources */,
				9247CD7D1CB12D07008F51E2 /* PostTableViewController.swift in Sources */,
				9206F3F81C83AC4900978CF5 /* Public.swift in Sources */,
				9206F3F31C839A4200978CF5 /* Secret.swift in Sources */,
				9206F3ED1C83963D00978CF5 /* MenuController.swift in Sources */,
				9247CD7B1CB12CFA008F51E2 /* PostWithoutImageTableViewCell.swift in Sources */,
				929D4C4A1CB2ECB00097CFA6 /* CustomInfiniteIndicator.swift in Sources */,
				9206F3C21C838F8B00978CF5 /* AmicaleINSA.xcdatamodeld in Sources */,
				92B366F51CA8889000C3265E /* WashINSADetailsViewController.swift in Sources */,
				9206F3BC1C838F8B00978CF5 /* ViewController.swift in Sources */,
				9265E26B1CA8355B000BE187 /* WashINSATableViewCell.swift in Sources */,
				9247CD791CB12CE8008F51E2 /* PostWithImageTableViewCell.swift in Sources */,
				92CBC4E61C8642CB0074B9B2 /* Extension.swift in Sources */,
				9206F3EF1C8399F600978CF5 /* ChatViewController.swift in Sources */,
				92A03D3C1D3BDCA40021E0C5 /* SettingsTableViewController.swift in Sources */,
				9206F3BA1C838F8B00978CF5 /* AppDelegate.swift in Sources */,
				923677FB1CAC28A100FA7084 /* BreakOutToRefreshView.swift in Sources */,
				92128FD51C8605B800AA96AD /* SettingsViewController.swift in Sources */,
			);
			runOnlyForDeploymentPostprocessing = 0;
		};
		9206F3C91C838F8B00978CF5 /* Sources */ = {
			isa = PBXSourcesBuildPhase;
			buildActionMask = 2147483647;
			files = (
				9206F3D21C838F8B00978CF5 /* AmicaleINSATests.swift in Sources */,
			);
			runOnlyForDeploymentPostprocessing = 0;
		};
		9206F3D41C838F8B00978CF5 /* Sources */ = {
			isa = PBXSourcesBuildPhase;
			buildActionMask = 2147483647;
			files = (
				9206F3DD1C838F8B00978CF5 /* AmicaleINSAUITests.swift in Sources */,
			);
			runOnlyForDeploymentPostprocessing = 0;
		};
/* End PBXSourcesBuildPhase section */

/* Begin PBXTargetDependency section */
		9206F3CF1C838F8B00978CF5 /* PBXTargetDependency */ = {
			isa = PBXTargetDependency;
			target = 9206F3B51C838F8B00978CF5 /* AmicaleINSA */;
			targetProxy = 9206F3CE1C838F8B00978CF5 /* PBXContainerItemProxy */;
		};
		9206F3DA1C838F8B00978CF5 /* PBXTargetDependency */ = {
			isa = PBXTargetDependency;
			target = 9206F3B51C838F8B00978CF5 /* AmicaleINSA */;
			targetProxy = 9206F3D91C838F8B00978CF5 /* PBXContainerItemProxy */;
		};
/* End PBXTargetDependency section */

/* Begin PBXVariantGroup section */
		9206F3BD1C838F8B00978CF5 /* Main.storyboard */ = {
			isa = PBXVariantGroup;
			children = (
				9206F3BE1C838F8B00978CF5 /* Base */,
			);
			name = Main.storyboard;
			sourceTree = "<group>";
		};
		9206F3C51C838F8B00978CF5 /* LaunchScreen.storyboard */ = {
			isa = PBXVariantGroup;
			children = (
				9206F3C61C838F8B00978CF5 /* Base */,
			);
			name = LaunchScreen.storyboard;
			sourceTree = "<group>";
		};
/* End PBXVariantGroup section */

/* Begin XCBuildConfiguration section */
		9206F3DF1C838F8B00978CF5 /* Debug */ = {
			isa = XCBuildConfiguration;
			buildSettings = {
				ALWAYS_SEARCH_USER_PATHS = NO;
				CLANG_CXX_LANGUAGE_STANDARD = "gnu++0x";
				CLANG_CXX_LIBRARY = "libc++";
				CLANG_ENABLE_MODULES = YES;
				CLANG_ENABLE_OBJC_ARC = YES;
				CLANG_WARN_BOOL_CONVERSION = YES;
				CLANG_WARN_CONSTANT_CONVERSION = YES;
				CLANG_WARN_DIRECT_OBJC_ISA_USAGE = YES_ERROR;
				CLANG_WARN_EMPTY_BODY = YES;
				CLANG_WARN_ENUM_CONVERSION = YES;
				CLANG_WARN_INT_CONVERSION = YES;
				CLANG_WARN_OBJC_ROOT_CLASS = YES_ERROR;
				CLANG_WARN_UNREACHABLE_CODE = YES;
				CLANG_WARN__DUPLICATE_METHOD_MATCH = YES;
				"CODE_SIGN_IDENTITY[sdk=iphoneos*]" = "iPhone Developer";
				COPY_PHASE_STRIP = NO;
				DEBUG_INFORMATION_FORMAT = dwarf;
				ENABLE_STRICT_OBJC_MSGSEND = YES;
				ENABLE_TESTABILITY = YES;
				GCC_C_LANGUAGE_STANDARD = gnu99;
				GCC_DYNAMIC_NO_PIC = NO;
				GCC_NO_COMMON_BLOCKS = YES;
				GCC_OPTIMIZATION_LEVEL = 0;
				GCC_PREPROCESSOR_DEFINITIONS = (
					"DEBUG=1",
					"$(inherited)",
				);
				GCC_WARN_64_TO_32_BIT_CONVERSION = YES;
				GCC_WARN_ABOUT_RETURN_TYPE = YES_ERROR;
				GCC_WARN_UNDECLARED_SELECTOR = YES;
				GCC_WARN_UNINITIALIZED_AUTOS = YES_AGGRESSIVE;
				GCC_WARN_UNUSED_FUNCTION = YES;
				GCC_WARN_UNUSED_VARIABLE = YES;
				IPHONEOS_DEPLOYMENT_TARGET = 9.2;
				MTL_ENABLE_DEBUG_INFO = YES;
				ONLY_ACTIVE_ARCH = YES;
				SDKROOT = iphoneos;
				SWIFT_OPTIMIZATION_LEVEL = "-Onone";
				TARGETED_DEVICE_FAMILY = "1,2";
			};
			name = Debug;
		};
		9206F3E01C838F8B00978CF5 /* Release */ = {
			isa = XCBuildConfiguration;
			buildSettings = {
				ALWAYS_SEARCH_USER_PATHS = NO;
				CLANG_CXX_LANGUAGE_STANDARD = "gnu++0x";
				CLANG_CXX_LIBRARY = "libc++";
				CLANG_ENABLE_MODULES = YES;
				CLANG_ENABLE_OBJC_ARC = YES;
				CLANG_WARN_BOOL_CONVERSION = YES;
				CLANG_WARN_CONSTANT_CONVERSION = YES;
				CLANG_WARN_DIRECT_OBJC_ISA_USAGE = YES_ERROR;
				CLANG_WARN_EMPTY_BODY = YES;
				CLANG_WARN_ENUM_CONVERSION = YES;
				CLANG_WARN_INT_CONVERSION = YES;
				CLANG_WARN_OBJC_ROOT_CLASS = YES_ERROR;
				CLANG_WARN_UNREACHABLE_CODE = YES;
				CLANG_WARN__DUPLICATE_METHOD_MATCH = YES;
				"CODE_SIGN_IDENTITY[sdk=iphoneos*]" = "iPhone Developer";
				COPY_PHASE_STRIP = NO;
				DEBUG_INFORMATION_FORMAT = "dwarf-with-dsym";
				ENABLE_NS_ASSERTIONS = NO;
				ENABLE_STRICT_OBJC_MSGSEND = YES;
				GCC_C_LANGUAGE_STANDARD = gnu99;
				GCC_NO_COMMON_BLOCKS = YES;
				GCC_WARN_64_TO_32_BIT_CONVERSION = YES;
				GCC_WARN_ABOUT_RETURN_TYPE = YES_ERROR;
				GCC_WARN_UNDECLARED_SELECTOR = YES;
				GCC_WARN_UNINITIALIZED_AUTOS = YES_AGGRESSIVE;
				GCC_WARN_UNUSED_FUNCTION = YES;
				GCC_WARN_UNUSED_VARIABLE = YES;
				IPHONEOS_DEPLOYMENT_TARGET = 9.2;
				MTL_ENABLE_DEBUG_INFO = NO;
				SDKROOT = iphoneos;
				TARGETED_DEVICE_FAMILY = "1,2";
				VALIDATE_PRODUCT = YES;
			};
			name = Release;
		};
		9206F3E21C838F8B00978CF5 /* Debug */ = {
			isa = XCBuildConfiguration;
			baseConfigurationReference = 482B0F92800EC36EB41E1BC7 /* Pods-AmicaleINSA.debug.xcconfig */;
			buildSettings = {
				ASSETCATALOG_COMPILER_APPICON_NAME = AppIcon;
				CODE_SIGN_IDENTITY = "iPhone Developer";
				"CODE_SIGN_IDENTITY[sdk=iphoneos*]" = "iPhone Developer";
				INFOPLIST_FILE = AmicaleINSA/Info.plist;
				IPHONEOS_DEPLOYMENT_TARGET = 9.0;
				LD_RUNPATH_SEARCH_PATHS = "$(inherited) @executable_path/Frameworks";
				PRODUCT_BUNDLE_IDENTIFIER = Amicale.INSAAmicaleINSA;
				PRODUCT_NAME = "$(TARGET_NAME)";
				PROVISIONING_PROFILE = "";
			};
			name = Debug;
		};
		9206F3E31C838F8B00978CF5 /* Release */ = {
			isa = XCBuildConfiguration;
			baseConfigurationReference = 50F7885CA4F2B841A3D3EF2D /* Pods-AmicaleINSA.release.xcconfig */;
			buildSettings = {
				ASSETCATALOG_COMPILER_APPICON_NAME = AppIcon;
				CODE_SIGN_IDENTITY = "iPhone Developer";
				"CODE_SIGN_IDENTITY[sdk=iphoneos*]" = "iPhone Developer";
				INFOPLIST_FILE = AmicaleINSA/Info.plist;
				IPHONEOS_DEPLOYMENT_TARGET = 9.0;
				LD_RUNPATH_SEARCH_PATHS = "$(inherited) @executable_path/Frameworks";
				PRODUCT_BUNDLE_IDENTIFIER = Amicale.INSAAmicaleINSA;
				PRODUCT_NAME = "$(TARGET_NAME)";
				PROVISIONING_PROFILE = "";
			};
			name = Release;
		};
		9206F3E51C838F8B00978CF5 /* Debug */ = {
			isa = XCBuildConfiguration;
			baseConfigurationReference = 5890EEA5A8EAB350461F73B8 /* Pods-AmicaleINSATests.debug.xcconfig */;
			buildSettings = {
				BUNDLE_LOADER = "$(TEST_HOST)";
				INFOPLIST_FILE = AmicaleINSATests/Info.plist;
				LD_RUNPATH_SEARCH_PATHS = "$(inherited) @executable_path/Frameworks @loader_path/Frameworks";
				PRODUCT_BUNDLE_IDENTIFIER = INSA.AmicaleINSATests;
				PRODUCT_NAME = "$(TARGET_NAME)";
				TEST_HOST = "$(BUILT_PRODUCTS_DIR)/AmicaleINSA.app/AmicaleINSA";
			};
			name = Debug;
		};
		9206F3E61C838F8B00978CF5 /* Release */ = {
			isa = XCBuildConfiguration;
			baseConfigurationReference = 4E424C51F178E0AE83AA0BA4 /* Pods-AmicaleINSATests.release.xcconfig */;
			buildSettings = {
				BUNDLE_LOADER = "$(TEST_HOST)";
				INFOPLIST_FILE = AmicaleINSATests/Info.plist;
				LD_RUNPATH_SEARCH_PATHS = "$(inherited) @executable_path/Frameworks @loader_path/Frameworks";
				PRODUCT_BUNDLE_IDENTIFIER = INSA.AmicaleINSATests;
				PRODUCT_NAME = "$(TARGET_NAME)";
				TEST_HOST = "$(BUILT_PRODUCTS_DIR)/AmicaleINSA.app/AmicaleINSA";
			};
			name = Release;
		};
		9206F3E81C838F8B00978CF5 /* Debug */ = {
			isa = XCBuildConfiguration;
			baseConfigurationReference = FC55B252FEE3E8F35D1BD2D3 /* Pods-AmicaleINSAUITests.debug.xcconfig */;
			buildSettings = {
				INFOPLIST_FILE = AmicaleINSAUITests/Info.plist;
				LD_RUNPATH_SEARCH_PATHS = "$(inherited) @executable_path/Frameworks @loader_path/Frameworks";
				PRODUCT_BUNDLE_IDENTIFIER = INSA.AmicaleINSAUITests;
				PRODUCT_NAME = "$(TARGET_NAME)";
				TEST_TARGET_NAME = AmicaleINSA;
				USES_XCTRUNNER = YES;
			};
			name = Debug;
		};
		9206F3E91C838F8B00978CF5 /* Release */ = {
			isa = XCBuildConfiguration;
			baseConfigurationReference = AFD6AE2CBD83D64AA3EDF111 /* Pods-AmicaleINSAUITests.release.xcconfig */;
			buildSettings = {
				INFOPLIST_FILE = AmicaleINSAUITests/Info.plist;
				LD_RUNPATH_SEARCH_PATHS = "$(inherited) @executable_path/Frameworks @loader_path/Frameworks";
				PRODUCT_BUNDLE_IDENTIFIER = INSA.AmicaleINSAUITests;
				PRODUCT_NAME = "$(TARGET_NAME)";
				TEST_TARGET_NAME = AmicaleINSA;
				USES_XCTRUNNER = YES;
			};
			name = Release;
		};
/* End XCBuildConfiguration section */

/* Begin XCConfigurationList section */
		9206F3B11C838F8B00978CF5 /* Build configuration list for PBXProject "AmicaleINSA" */ = {
			isa = XCConfigurationList;
			buildConfigurations = (
				9206F3DF1C838F8B00978CF5 /* Debug */,
				9206F3E01C838F8B00978CF5 /* Release */,
			);
			defaultConfigurationIsVisible = 0;
			defaultConfigurationName = Release;
		};
		9206F3E11C838F8B00978CF5 /* Build configuration list for PBXNativeTarget "AmicaleINSA" */ = {
			isa = XCConfigurationList;
			buildConfigurations = (
				9206F3E21C838F8B00978CF5 /* Debug */,
				9206F3E31C838F8B00978CF5 /* Release */,
			);
			defaultConfigurationIsVisible = 0;
			defaultConfigurationName = Release;
		};
		9206F3E41C838F8B00978CF5 /* Build configuration list for PBXNativeTarget "AmicaleINSATests" */ = {
			isa = XCConfigurationList;
			buildConfigurations = (
				9206F3E51C838F8B00978CF5 /* Debug */,
				9206F3E61C838F8B00978CF5 /* Release */,
			);
			defaultConfigurationIsVisible = 0;
			defaultConfigurationName = Release;
		};
		9206F3E71C838F8B00978CF5 /* Build configuration list for PBXNativeTarget "AmicaleINSAUITests" */ = {
			isa = XCConfigurationList;
			buildConfigurations = (
				9206F3E81C838F8B00978CF5 /* Debug */,
				9206F3E91C838F8B00978CF5 /* Release */,
			);
			defaultConfigurationIsVisible = 0;
			defaultConfigurationName = Release;
		};
/* End XCConfigurationList section */

/* Begin XCVersionGroup section */
		9206F3C01C838F8B00978CF5 /* AmicaleINSA.xcdatamodeld */ = {
			isa = XCVersionGroup;
			children = (
				9206F3C11C838F8B00978CF5 /* AmicaleINSA.xcdatamodel */,
			);
			currentVersion = 9206F3C11C838F8B00978CF5 /* AmicaleINSA.xcdatamodel */;
			path = AmicaleINSA.xcdatamodeld;
			sourceTree = "<group>";
			versionGroupType = wrapper.xcdatamodel;
		};
/* End XCVersionGroup section */
	};
	rootObject = 9206F3AE1C838F8B00978CF5 /* Project object */;
}
